// !$*UTF8*$!
{
	archiveVersion = 1;
	classes = {
	};
	objectVersion = 56;
	objects = {

/* Begin PBXBuildFile section */
		B74A75B22BD0701B0059BB13 /* RecipeDetailView.swift in Sources */ = {isa = PBXBuildFile; fileRef = B74A75B12BD0701B0059BB13 /* RecipeDetailView.swift */; };
		B74A75B42BD07DAA0059BB13 /* Recipe.swift in Sources */ = {isa = PBXBuildFile; fileRef = B74A75B32BD07DAA0059BB13 /* Recipe.swift */; };
		B74A75B62BD0ADDF0059BB13 /* RecipeDetailViewModel.swift in Sources */ = {isa = PBXBuildFile; fileRef = B74A75B52BD0ADDF0059BB13 /* RecipeDetailViewModel.swift */; };
		B74A75B92BD0AF640059BB13 /* APIService.swift in Sources */ = {isa = PBXBuildFile; fileRef = B74A75B82BD0AF640059BB13 /* APIService.swift */; };
		B755CF7B2BD06CD00010420B /* Meal.swift in Sources */ = {isa = PBXBuildFile; fileRef = B755CF7A2BD06CD00010420B /* Meal.swift */; };
		B755CF7E2BD06D1A0010420B /* RecipeListViewModel.swift in Sources */ = {isa = PBXBuildFile; fileRef = B755CF7D2BD06D1A0010420B /* RecipeListViewModel.swift */; };
		B755CF802BD06D7D0010420B /* RecipeListRow.swift in Sources */ = {isa = PBXBuildFile; fileRef = B755CF7F2BD06D7D0010420B /* RecipeListRow.swift */; };
		B78B956E2BCF44A600E38FBB /* FetchiOSTakeHomeApp.swift in Sources */ = {isa = PBXBuildFile; fileRef = B78B956D2BCF44A600E38FBB /* FetchiOSTakeHomeApp.swift */; };
		B78B95702BCF44A600E38FBB /* RecipeListView.swift in Sources */ = {isa = PBXBuildFile; fileRef = B78B956F2BCF44A600E38FBB /* RecipeListView.swift */; };
		B78B95722BCF44A800E38FBB /* Assets.xcassets in Resources */ = {isa = PBXBuildFile; fileRef = B78B95712BCF44A800E38FBB /* Assets.xcassets */; };
		B78B95752BCF44A800E38FBB /* Preview Assets.xcassets in Resources */ = {isa = PBXBuildFile; fileRef = B78B95742BCF44A800E38FBB /* Preview Assets.xcassets */; };
/* End PBXBuildFile section */

/* Begin PBXFileReference section */
		B74A75B12BD0701B0059BB13 /* RecipeDetailView.swift */ = {isa = PBXFileReference; lastKnownFileType = sourcecode.swift; path = RecipeDetailView.swift; sourceTree = "<group>"; };
		B74A75B32BD07DAA0059BB13 /* Recipe.swift */ = {isa = PBXFileReference; lastKnownFileType = sourcecode.swift; path = Recipe.swift; sourceTree = "<group>"; };
		B74A75B52BD0ADDF0059BB13 /* RecipeDetailViewModel.swift */ = {isa = PBXFileReference; lastKnownFileType = sourcecode.swift; path = RecipeDetailViewModel.swift; sourceTree = "<group>"; };
		B74A75B82BD0AF640059BB13 /* APIService.swift */ = {isa = PBXFileReference; lastKnownFileType = sourcecode.swift; path = APIService.swift; sourceTree = "<group>"; };
		B755CF7A2BD06CD00010420B /* Meal.swift */ = {isa = PBXFileReference; lastKnownFileType = sourcecode.swift; path = Meal.swift; sourceTree = "<group>"; };
		B755CF7D2BD06D1A0010420B /* RecipeListViewModel.swift */ = {isa = PBXFileReference; lastKnownFileType = sourcecode.swift; path = RecipeListViewModel.swift; sourceTree = "<group>"; };
		B755CF7F2BD06D7D0010420B /* RecipeListRow.swift */ = {isa = PBXFileReference; lastKnownFileType = sourcecode.swift; path = RecipeListRow.swift; sourceTree = "<group>"; };
		B78B956A2BCF44A600E38FBB /* FetchiOSTakeHome.app */ = {isa = PBXFileReference; explicitFileType = wrapper.application; includeInIndex = 0; path = FetchiOSTakeHome.app; sourceTree = BUILT_PRODUCTS_DIR; };
		B78B956D2BCF44A600E38FBB /* FetchiOSTakeHomeApp.swift */ = {isa = PBXFileReference; lastKnownFileType = sourcecode.swift; path = FetchiOSTakeHomeApp.swift; sourceTree = "<group>"; };
		B78B956F2BCF44A600E38FBB /* RecipeListView.swift */ = {isa = PBXFileReference; lastKnownFileType = sourcecode.swift; path = RecipeListView.swift; sourceTree = "<group>"; };
		B78B95712BCF44A800E38FBB /* Assets.xcassets */ = {isa = PBXFileReference; lastKnownFileType = folder.assetcatalog; path = Assets.xcassets; sourceTree = "<group>"; };
		B78B95742BCF44A800E38FBB /* Preview Assets.xcassets */ = {isa = PBXFileReference; lastKnownFileType = folder.assetcatalog; path = "Preview Assets.xcassets"; sourceTree = "<group>"; };
/* End PBXFileReference section */

/* Begin PBXFrameworksBuildPhase section */
		B78B95672BCF44A600E38FBB /* Frameworks */ = {
			isa = PBXFrameworksBuildPhase;
			buildActionMask = 2147483647;
			files = (
			);
			runOnlyForDeploymentPostprocessing = 0;
		};
/* End PBXFrameworksBuildPhase section */

/* Begin PBXGroup section */
		B74A75B72BD0AF4A0059BB13 /* API */ = {
			isa = PBXGroup;
			children = (
				B74A75B82BD0AF640059BB13 /* APIService.swift */,
			);
			path = API;
			sourceTree = "<group>";
		};
		B755CF782BD06A0A0010420B /* Views */ = {
			isa = PBXGroup;
			children = (
				B755CF7F2BD06D7D0010420B /* RecipeListRow.swift */,
				B78B956F2BCF44A600E38FBB /* RecipeListView.swift */,
				B74A75B12BD0701B0059BB13 /* RecipeDetailView.swift */,
			);
			path = Views;
			sourceTree = "<group>";
		};
		B755CF792BD06CA30010420B /* Models */ = {
			isa = PBXGroup;
			children = (
				B755CF7A2BD06CD00010420B /* Meal.swift */,
				B74A75B32BD07DAA0059BB13 /* Recipe.swift */,
			);
			path = Models;
			sourceTree = "<group>";
		};
		B755CF7C2BD06CF90010420B /* ViewModels */ = {
			isa = PBXGroup;
			children = (
				B755CF7D2BD06D1A0010420B /* RecipeListViewModel.swift */,
				B74A75B52BD0ADDF0059BB13 /* RecipeDetailViewModel.swift */,
			);
			path = ViewModels;
			sourceTree = "<group>";
		};
		B78B95612BCF44A600E38FBB = {
			isa = PBXGroup;
			children = (
				B78B956C2BCF44A600E38FBB /* FetchiOSTakeHome */,
				B78B956B2BCF44A600E38FBB /* Products */,
			);
			sourceTree = "<group>";
		};
		B78B956B2BCF44A600E38FBB /* Products */ = {
			isa = PBXGroup;
			children = (
				B78B956A2BCF44A600E38FBB /* FetchiOSTakeHome.app */,
			);
			name = Products;
			sourceTree = "<group>";
		};
		B78B956C2BCF44A600E38FBB /* FetchiOSTakeHome */ = {
			isa = PBXGroup;
			children = (
				B78B956D2BCF44A600E38FBB /* FetchiOSTakeHomeApp.swift */,
				B74A75B72BD0AF4A0059BB13 /* API */,
				B755CF7C2BD06CF90010420B /* ViewModels */,
				B755CF792BD06CA30010420B /* Models */,
				B755CF782BD06A0A0010420B /* Views */,
				B78B95712BCF44A800E38FBB /* Assets.xcassets */,
				B78B95732BCF44A800E38FBB /* Preview Content */,
			);
			path = FetchiOSTakeHome;
			sourceTree = "<group>";
		};
		B78B95732BCF44A800E38FBB /* Preview Content */ = {
			isa = PBXGroup;
			children = (
				B78B95742BCF44A800E38FBB /* Preview Assets.xcassets */,
			);
			path = "Preview Content";
			sourceTree = "<group>";
		};
/* End PBXGroup section */

/* Begin PBXNativeTarget section */
		B78B95692BCF44A600E38FBB /* FetchiOSTakeHome */ = {
			isa = PBXNativeTarget;
			buildConfigurationList = B78B95782BCF44A800E38FBB /* Build configuration list for PBXNativeTarget "FetchiOSTakeHome" */;
			buildPhases = (
				B78B95662BCF44A600E38FBB /* Sources */,
				B78B95672BCF44A600E38FBB /* Frameworks */,
				B78B95682BCF44A600E38FBB /* Resources */,
			);
			buildRules = (
			);
			dependencies = (
			);
			name = FetchiOSTakeHome;
			productName = FetchiOSTakeHome;
			productReference = B78B956A2BCF44A600E38FBB /* FetchiOSTakeHome.app */;
			productType = "com.apple.product-type.application";
		};
/* End PBXNativeTarget section */

/* Begin PBXProject section */
		B78B95622BCF44A600E38FBB /* Project object */ = {
			isa = PBXProject;
			attributes = {
				BuildIndependentTargetsInParallel = 1;
				LastSwiftUpdateCheck = 1530;
				LastUpgradeCheck = 1530;
				TargetAttributes = {
					B78B95692BCF44A600E38FBB = {
						CreatedOnToolsVersion = 15.3;
					};
				};
			};
			buildConfigurationList = B78B95652BCF44A600E38FBB /* Build configuration list for PBXProject "FetchiOSTakeHome" */;
			compatibilityVersion = "Xcode 14.0";
			developmentRegion = en;
			hasScannedForEncodings = 0;
			knownRegions = (
				en,
				Base,
			);
			mainGroup = B78B95612BCF44A600E38FBB;
			productRefGroup = B78B956B2BCF44A600E38FBB /* Products */;
			projectDirPath = "";
			projectRoot = "";
			targets = (
				B78B95692BCF44A600E38FBB /* FetchiOSTakeHome */,
			);
		};
/* End PBXProject section */

/* Begin PBXResourcesBuildPhase section */
		B78B95682BCF44A600E38FBB /* Resources */ = {
			isa = PBXResourcesBuildPhase;
			buildActionMask = 2147483647;
			files = (
				B78B95752BCF44A800E38FBB /* Preview Assets.xcassets in Resources */,
				B78B95722BCF44A800E38FBB /* Assets.xcassets in Resources */,
			);
			runOnlyForDeploymentPostprocessing = 0;
		};
/* End PBXResourcesBuildPhase section */

/* Begin PBXSourcesBuildPhase section */
		B78B95662BCF44A600E38FBB /* Sources */ = {
			isa = PBXSourcesBuildPhase;
			buildActionMask = 2147483647;
			files = (
				B755CF7E2BD06D1A0010420B /* RecipeListViewModel.swift in Sources */,
				B74A75B22BD0701B0059BB13 /* RecipeDetailView.swift in Sources */,
				B74A75B42BD07DAA0059BB13 /* Recipe.swift in Sources */,
				B755CF802BD06D7D0010420B /* RecipeListRow.swift in Sources */,
				B78B95702BCF44A600E38FBB /* RecipeListView.swift in Sources */,
				B74A75B62BD0ADDF0059BB13 /* RecipeDetailViewModel.swift in Sources */,
				B755CF7B2BD06CD00010420B /* Meal.swift in Sources */,
				B74A75B92BD0AF640059BB13 /* APIService.swift in Sources */,
				B78B956E2BCF44A600E38FBB /* FetchiOSTakeHomeApp.swift in Sources */,
			);
			runOnlyForDeploymentPostprocessing = 0;
		};
/* End PBXSourcesBuildPhase section */

/* Begin XCBuildConfiguration section */
		B78B95762BCF44A800E38FBB /* Debug */ = {
			isa = XCBuildConfiguration;
			buildSettings = {
				ALWAYS_SEARCH_USER_PATHS = NO;
				ASSETCATALOG_COMPILER_GENERATE_SWIFT_ASSET_SYMBOL_EXTENSIONS = YES;
				CLANG_ANALYZER_NONNULL = YES;
				CLANG_ANALYZER_NUMBER_OBJECT_CONVERSION = YES_AGGRESSIVE;
				CLANG_CXX_LANGUAGE_STANDARD = "gnu++20";
				CLANG_ENABLE_MODULES = YES;
				CLANG_ENABLE_OBJC_ARC = YES;
				CLANG_ENABLE_OBJC_WEAK = YES;
				CLANG_WARN_BLOCK_CAPTURE_AUTORELEASING = YES;
				CLANG_WARN_BOOL_CONVERSION = YES;
				CLANG_WARN_COMMA = YES;
				CLANG_WARN_CONSTANT_CONVERSION = YES;
				CLANG_WARN_DEPRECATED_OBJC_IMPLEMENTATIONS = YES;
				CLANG_WARN_DIRECT_OBJC_ISA_USAGE = YES_ERROR;
				CLANG_WARN_DOCUMENTATION_COMMENTS = YES;
				CLANG_WARN_EMPTY_BODY = YES;
				CLANG_WARN_ENUM_CONVERSION = YES;
				CLANG_WARN_INFINITE_RECURSION = YES;
				CLANG_WARN_INT_CONVERSION = YES;
				CLANG_WARN_NON_LITERAL_NULL_CONVERSION = YES;
				CLANG_WARN_OBJC_IMPLICIT_RETAIN_SELF = YES;
				CLANG_WARN_OBJC_LITERAL_CONVERSION = YES;
				CLANG_WARN_OBJC_ROOT_CLASS = YES_ERROR;
				CLANG_WARN_QUOTED_INCLUDE_IN_FRAMEWORK_HEADER = YES;
				CLANG_WARN_RANGE_LOOP_ANALYSIS = YES;
				CLANG_WARN_STRICT_PROTOTYPES = YES;
				CLANG_WARN_SUSPICIOUS_MOVE = YES;
				CLANG_WARN_UNGUARDED_AVAILABILITY = YES_AGGRESSIVE;
				CLANG_WARN_UNREACHABLE_CODE = YES;
				CLANG_WARN__DUPLICATE_METHOD_MATCH = YES;
				COPY_PHASE_STRIP = NO;
				DEBUG_INFORMATION_FORMAT = dwarf;
				ENABLE_STRICT_OBJC_MSGSEND = YES;
				ENABLE_TESTABILITY = YES;
				ENABLE_USER_SCRIPT_SANDBOXING = YES;
				GCC_C_LANGUAGE_STANDARD = gnu17;
				GCC_DYNAMIC_NO_PIC = NO;
				GCC_NO_COMMON_BLOCKS = YES;
				GCC_OPTIMIZATION_LEVEL = 0;
				GCC_PREPROCESSOR_DEFINITIONS = (
					"DEBUG=1",
					"$(inherited)",
				);
				GCC_WARN_64_TO_32_BIT_CONVERSION = YES;
				GCC_WARN_ABOUT_RETURN_TYPE = YES_ERROR;
				GCC_WARN_UNDECLARED_SELECTOR = YES;
				GCC_WARN_UNINITIALIZED_AUTOS = YES_AGGRESSIVE;
				GCC_WARN_UNUSED_FUNCTION = YES;
				GCC_WARN_UNUSED_VARIABLE = YES;
				IPHONEOS_DEPLOYMENT_TARGET = 17.4;
				LOCALIZATION_PREFERS_STRING_CATALOGS = YES;
				MTL_ENABLE_DEBUG_INFO = INCLUDE_SOURCE;
				MTL_FAST_MATH = YES;
				ONLY_ACTIVE_ARCH = YES;
				SDKROOT = iphoneos;
				SWIFT_ACTIVE_COMPILATION_CONDITIONS = "DEBUG $(inherited)";
				SWIFT_OPTIMIZATION_LEVEL = "-Onone";
			};
			name = Debug;
		};
		B78B95772BCF44A800E38FBB /* Release */ = {
			isa = XCBuildConfiguration;
			buildSettings = {
				ALWAYS_SEARCH_USER_PATHS = NO;
				ASSETCATALOG_COMPILER_GENERATE_SWIFT_ASSET_SYMBOL_EXTENSIONS = YES;
				CLANG_ANALYZER_NONNULL = YES;
				CLANG_ANALYZER_NUMBER_OBJECT_CONVERSION = YES_AGGRESSIVE;
				CLANG_CXX_LANGUAGE_STANDARD = "gnu++20";
				CLANG_ENABLE_MODULES = YES;
				CLANG_ENABLE_OBJC_ARC = YES;
				CLANG_ENABLE_OBJC_WEAK = YES;
				CLANG_WARN_BLOCK_CAPTURE_AUTORELEASING = YES;
				CLANG_WARN_BOOL_CONVERSION = YES;
				CLANG_WARN_COMMA = YES;
				CLANG_WARN_CONSTANT_CONVERSION = YES;
				CLANG_WARN_DEPRECATED_OBJC_IMPLEMENTATIONS = YES;
				CLANG_WARN_DIRECT_OBJC_ISA_USAGE = YES_ERROR;
				CLANG_WARN_DOCUMENTATION_COMMENTS = YES;
				CLANG_WARN_EMPTY_BODY = YES;
				CLANG_WARN_ENUM_CONVERSION = YES;
				CLANG_WARN_INFINITE_RECURSION = YES;
				CLANG_WARN_INT_CONVERSION = YES;
				CLANG_WARN_NON_LITERAL_NULL_CONVERSION = YES;
				CLANG_WARN_OBJC_IMPLICIT_RETAIN_SELF = YES;
				CLANG_WARN_OBJC_LITERAL_CONVERSION = YES;
				CLANG_WARN_OBJC_ROOT_CLASS = YES_ERROR;
				CLANG_WARN_QUOTED_INCLUDE_IN_FRAMEWORK_HEADER = YES;
				CLANG_WARN_RANGE_LOOP_ANALYSIS = YES;
				CLANG_WARN_STRICT_PROTOTYPES = YES;
				CLANG_WARN_SUSPICIOUS_MOVE = YES;
				CLANG_WARN_UNGUARDED_AVAILABILITY = YES_AGGRESSIVE;
				CLANG_WARN_UNREACHABLE_CODE = YES;
				CLANG_WARN__DUPLICATE_METHOD_MATCH = YES;
				COPY_PHASE_STRIP = NO;
				DEBUG_INFORMATION_FORMAT = "dwarf-with-dsym";
				ENABLE_NS_ASSERTIONS = NO;
				ENABLE_STRICT_OBJC_MSGSEND = YES;
				ENABLE_USER_SCRIPT_SANDBOXING = YES;
				GCC_C_LANGUAGE_STANDARD = gnu17;
				GCC_NO_COMMON_BLOCKS = YES;
				GCC_WARN_64_TO_32_BIT_CONVERSION = YES;
				GCC_WARN_ABOUT_RETURN_TYPE = YES_ERROR;
				GCC_WARN_UNDECLARED_SELECTOR = YES;
				GCC_WARN_UNINITIALIZED_AUTOS = YES_AGGRESSIVE;
				GCC_WARN_UNUSED_FUNCTION = YES;
				GCC_WARN_UNUSED_VARIABLE = YES;
				IPHONEOS_DEPLOYMENT_TARGET = 17.4;
				LOCALIZATION_PREFERS_STRING_CATALOGS = YES;
				MTL_ENABLE_DEBUG_INFO = NO;
				MTL_FAST_MATH = YES;
				SDKROOT = iphoneos;
				SWIFT_COMPILATION_MODE = wholemodule;
				VALIDATE_PRODUCT = YES;
			};
			name = Release;
		};
		B78B95792BCF44A800E38FBB /* Debug */ = {
			isa = XCBuildConfiguration;
			buildSettings = {
				ASSETCATALOG_COMPILER_APPICON_NAME = AppIcon;
				ASSETCATALOG_COMPILER_GLOBAL_ACCENT_COLOR_NAME = AccentColor;
				CODE_SIGN_STYLE = Automatic;
				CURRENT_PROJECT_VERSION = 1;
				DEVELOPMENT_ASSET_PATHS = "\"FetchiOSTakeHome/Preview Content\"";
				DEVELOPMENT_TEAM = 3AA4M8PFN6;
				ENABLE_PREVIEWS = YES;
				GENERATE_INFOPLIST_FILE = YES;
				INFOPLIST_KEY_UIApplicationSceneManifest_Generation = YES;
				INFOPLIST_KEY_UIApplicationSupportsIndirectInputEvents = YES;
				INFOPLIST_KEY_UILaunchScreen_Generation = YES;
				INFOPLIST_KEY_UISupportedInterfaceOrientations_iPad = "UIInterfaceOrientationPortrait UIInterfaceOrientationPortraitUpsideDown UIInterfaceOrientationLandscapeLeft UIInterfaceOrientationLandscapeRight";
				INFOPLIST_KEY_UISupportedInterfaceOrientations_iPhone = "UIInterfaceOrientationPortrait UIInterfaceOrientationLandscapeLeft UIInterfaceOrientationLandscapeRight";
				LD_RUNPATH_SEARCH_PATHS = (
					"$(inherited)",
					"@executable_path/Frameworks",
				);
				MARKETING_VERSION = 1.0;
				PRODUCT_BUNDLE_IDENTIFIER = com.sgodala.FetchiOSTakeHome;
				PRODUCT_NAME = "$(TARGET_NAME)";
				SWIFT_EMIT_LOC_STRINGS = YES;
				SWIFT_VERSION = 5.0;
				TARGETED_DEVICE_FAMILY = "1,2";
			};
			name = Debug;
		};
		B78B957A2BCF44A800E38FBB /* Release */ = {
			isa = XCBuildConfiguration;
			buildSettings = {
				ASSETCATALOG_COMPILER_APPICON_NAME = AppIcon;
				ASSETCATALOG_COMPILER_GLOBAL_ACCENT_COLOR_NAME = AccentColor;
				CODE_SIGN_STYLE = Automatic;
				CURRENT_PROJECT_VERSION = 1;
				DEVELOPMENT_ASSET_PATHS = "\"FetchiOSTakeHome/Preview Content\"";
				DEVELOPMENT_TEAM = 3AA4M8PFN6;
				ENABLE_PREVIEWS = YES;
				GENERATE_INFOPLIST_FILE = YES;
				INFOPLIST_KEY_UIApplicationSceneManifest_Generation = YES;
				INFOPLIST_KEY_UIApplicationSupportsIndirectInputEvents = YES;
				INFOPLIST_KEY_UILaunchScreen_Generation = YES;
				INFOPLIST_KEY_UISupportedInterfaceOrientations_iPad = "UIInterfaceOrientationPortrait UIInterfaceOrientationPortraitUpsideDown UIInterfaceOrientationLandscapeLeft UIInterfaceOrientationLandscapeRight";
				INFOPLIST_KEY_UISupportedInterfaceOrientations_iPhone = "UIInterfaceOrientationPortrait UIInterfaceOrientationLandscapeLeft UIInterfaceOrientationLandscapeRight";
				LD_RUNPATH_SEARCH_PATHS = (
					"$(inherited)",
					"@executable_path/Frameworks",
				);
				MARKETING_VERSION = 1.0;
				PRODUCT_BUNDLE_IDENTIFIER = com.sgodala.FetchiOSTakeHome;
				PRODUCT_NAME = "$(TARGET_NAME)";
				SWIFT_EMIT_LOC_STRINGS = YES;
				SWIFT_VERSION = 5.0;
				TARGETED_DEVICE_FAMILY = "1,2";
			};
			name = Release;
		};
/* End XCBuildConfiguration section */

/* Begin XCConfigurationList section */
		B78B95652BCF44A600E38FBB /* Build configuration list for PBXProject "FetchiOSTakeHome" */ = {
			isa = XCConfigurationList;
			buildConfigurations = (
				B78B95762BCF44A800E38FBB /* Debug */,
				B78B95772BCF44A800E38FBB /* Release */,
			);
			defaultConfigurationIsVisible = 0;
			defaultConfigurationName = Release;
		};
		B78B95782BCF44A800E38FBB /* Build configuration list for PBXNativeTarget "FetchiOSTakeHome" */ = {
			isa = XCConfigurationList;
			buildConfigurations = (
				B78B95792BCF44A800E38FBB /* Debug */,
				B78B957A2BCF44A800E38FBB /* Release */,
			);
			defaultConfigurationIsVisible = 0;
			defaultConfigurationName = Release;
		};
/* End XCConfigurationList section */
	};
	rootObject = B78B95622BCF44A600E38FBB /* Project object */;
}
